
Microsoft Visual Studio Solution File, Format Version 12.00
# Visual Studio Version 17
VisualStudioVersion = 17.13.35806.99 d17.13
MinimumVisualStudioVersion = 10.0.40219.1
Project("{54A90642-561A-4BB1-A94E-469ADEE60C69}") = "quest4dealsweb.client", "quest4dealsweb.client\quest4dealsweb.client.esproj", "{5D5E7572-A1D7-A358-A8E3-2162CD72176D}"
EndProject
Project("{FAE04EC0-301F-11D3-BF4B-00C04F79EFBC}") = "quest4dealsweb.Server", "quest4dealsweb.Server\quest4dealsweb.Server.csproj", "{7FE9C367-F73F-4F6D-967A-F6DC73013F25}"
EndProject
Global
	GlobalSection(SolutionConfigurationPlatforms) = preSolution
		Debug|Any CPU = Debug|Any CPU
		Release|Any CPU = Release|Any CPU
	EndGlobalSection
	GlobalSection(ProjectConfigurationPlatforms) = postSolution
		{5D5E7572-A1D7-A358-A8E3-2162CD72176D}.Debug|Any CPU.ActiveCfg = Debug|Any CPU
		{5D5E7572-A1D7-A358-A8E3-2162CD72176D}.Debug|Any CPU.Build.0 = Debug|Any CPU
		{5D5E7572-A1D7-A358-A8E3-2162CD72176D}.Debug|Any CPU.Deploy.0 = Debug|Any CPU
		{5D5E7572-A1D7-A358-A8E3-2162CD72176D}.Release|Any CPU.ActiveCfg = Release|Any CPU
		{5D5E7572-A1D7-A358-A8E3-2162CD72176D}.Release|Any CPU.Build.0 = Release|Any CPU
		{5D5E7572-A1D7-A358-A8E3-2162CD72176D}.Release|Any CPU.Deploy.0 = Release|Any CPU
		{7FE9C367-F73F-4F6D-967A-F6DC73013F25}.Debug|Any CPU.ActiveCfg = Debug|Any CPU
		{7FE9C367-F73F-4F6D-967A-F6DC73013F25}.Debug|Any CPU.Build.0 = Debug|Any CPU
		{7FE9C367-F73F-4F6D-967A-F6DC73013F25}.Release|Any CPU.ActiveCfg = Release|Any CPU
		{7FE9C367-F73F-4F6D-967A-F6DC73013F25}.Release|Any CPU.Build.0 = Release|Any CPU
	EndGlobalSection
	GlobalSection(SolutionProperties) = preSolution
		HideSolutionNode = FALSE
	EndGlobalSection
	GlobalSection(ExtensibilityGlobals) = postSolution
		SolutionGuid = {D8FE82D3-F85D-4957-8AAD-76751C92B734}
	EndGlobalSection
EndGlobal
